
Microsoft Visual Studio Solution File, Format Version 12.00
# Visual Studio Version 17
VisualStudioVersion = 17.2.32516.85
MinimumVisualStudioVersion = 10.0.40219.1
Project("{FAE04EC0-301F-11D3-BF4B-00C04F79EFBC}") = "PaymentsThroughCode", "PaymentsThroughCode.csproj", "{1D38CC13-F96D-4500-8F8A-3E29C3F407F1}"
EndProject
Global
	GlobalSection(SolutionConfigurationPlatforms) = preSolution
		Debug|Any CPU = Debug|Any CPU
		Release|Any CPU = Release|Any CPU
	EndGlobalSection
	GlobalSection(ProjectConfigurationPlatforms) = postSolution
		{1D38CC13-F96D-4500-8F8A-3E29C3F407F1}.Debug|Any CPU.ActiveCfg = Debug|Any CPU
		{1D38CC13-F96D-4500-8F8A-3E29C3F407F1}.Debug|Any CPU.Build.0 = Debug|Any CPU
		{1D38CC13-F96D-4500-8F8A-3E29C3F407F1}.Release|Any CPU.ActiveCfg = Release|Any CPU
		{1D38CC13-F96D-4500-8F8A-3E29C3F407F1}.Release|Any CPU.Build.0 = Release|Any CPU
	EndGlobalSection
	GlobalSection(SolutionProperties) = preSolution
		HideSolutionNode = FALSE
	EndGlobalSection
	GlobalSection(ExtensibilityGlobals) = postSolution
		SolutionGuid = {5B2D867F-A7D7-46AB-B405-887A419CFC61}
	EndGlobalSection
EndGlobal
